
Microsoft Visual Studio Solution File, Format Version 12.00
# Visual Studio 15
VisualStudioVersion = 15.0.28010.2036
MinimumVisualStudioVersion = 10.0.40219.1
Project("{FAE04EC0-301F-11D3-BF4B-00C04F79EFBC}") = "Sales.Android", "Sales\Sales.Android\Sales.Android.csproj", "{24AD1AC0-0050-4F1A-9BA0-96B7EC192072}"
EndProject
Project("{FAE04EC0-301F-11D3-BF4B-00C04F79EFBC}") = "Sales.iOS", "Sales\Sales.iOS\Sales.iOS.csproj", "{23F2D5B0-863B-4522-AE7F-46A26D76AC79}"
EndProject
Project("{9A19103F-16F7-4668-BE54-9A1E7A4F7556}") = "Sales", "Sales\Sales\Sales.csproj", "{21A15766-3853-4F4C-9F2B-8A4083121D46}"
EndProject
Project("{FAE04EC0-301F-11D3-BF4B-00C04F79EFBC}") = "Sales.Backend", "Sales.Backend\Sales.Backend.csproj", "{C5FFD3E9-BA87-40F1-AF04-FE57D1C7E2DC}"
EndProject
Project("{FAE04EC0-301F-11D3-BF4B-00C04F79EFBC}") = "Sales.API", "Sales.API\Sales.API.csproj", "{4CA9A6BF-DD5C-4E28-B239-68B792699B7A}"
EndProject
Project("{FAE04EC0-301F-11D3-BF4B-00C04F79EFBC}") = "Sales.Domain", "Sales.Domain\Sales.Domain.csproj", "{3472E67A-12FE-479D-A84F-51D3D27EC03E}"
EndProject
Project("{FAE04EC0-301F-11D3-BF4B-00C04F79EFBC}") = "Sales.Common", "Sales.Common\Sales.Common.csproj", "{2819B0BD-7C5B-4724-AC8A-37BE060D7504}"
EndProject
Global
	GlobalSection(SolutionConfigurationPlatforms) = preSolution
		Ad-Hoc|Any CPU = Ad-Hoc|Any CPU
		Ad-Hoc|iPhone = Ad-Hoc|iPhone
		Ad-Hoc|iPhoneSimulator = Ad-Hoc|iPhoneSimulator
		AppStore|Any CPU = AppStore|Any CPU
		AppStore|iPhone = AppStore|iPhone
		AppStore|iPhoneSimulator = AppStore|iPhoneSimulator
		Debug|Any CPU = Debug|Any CPU
		Debug|iPhone = Debug|iPhone
		Debug|iPhoneSimulator = Debug|iPhoneSimulator
		Release|Any CPU = Release|Any CPU
		Release|iPhone = Release|iPhone
		Release|iPhoneSimulator = Release|iPhoneSimulator
	EndGlobalSection
	GlobalSection(ProjectConfigurationPlatforms) = postSolution
		{24AD1AC0-0050-4F1A-9BA0-96B7EC192072}.Ad-Hoc|Any CPU.ActiveCfg = Release|Any CPU
		{24AD1AC0-0050-4F1A-9BA0-96B7EC192072}.Ad-Hoc|Any CPU.Build.0 = Release|Any CPU
		{24AD1AC0-0050-4F1A-9BA0-96B7EC192072}.Ad-Hoc|Any CPU.Deploy.0 = Release|Any CPU
		{24AD1AC0-0050-4F1A-9BA0-96B7EC192072}.Ad-Hoc|iPhone.ActiveCfg = Release|Any CPU
		{24AD1AC0-0050-4F1A-9BA0-96B7EC192072}.Ad-Hoc|iPhone.Build.0 = Release|Any CPU
		{24AD1AC0-0050-4F1A-9BA0-96B7EC192072}.Ad-Hoc|iPhone.Deploy.0 = Release|Any CPU
		{24AD1AC0-0050-4F1A-9BA0-96B7EC192072}.Ad-Hoc|iPhoneSimulator.ActiveCfg = Release|Any CPU
		{24AD1AC0-0050-4F1A-9BA0-96B7EC192072}.Ad-Hoc|iPhoneSimulator.Build.0 = Release|Any CPU
		{24AD1AC0-0050-4F1A-9BA0-96B7EC192072}.Ad-Hoc|iPhoneSimulator.Deploy.0 = Release|Any CPU
		{24AD1AC0-0050-4F1A-9BA0-96B7EC192072}.AppStore|Any CPU.ActiveCfg = Release|Any CPU
		{24AD1AC0-0050-4F1A-9BA0-96B7EC192072}.AppStore|Any CPU.Build.0 = Release|Any CPU
		{24AD1AC0-0050-4F1A-9BA0-96B7EC192072}.AppStore|Any CPU.Deploy.0 = Release|Any CPU
		{24AD1AC0-0050-4F1A-9BA0-96B7EC192072}.AppStore|iPhone.ActiveCfg = Release|Any CPU
		{24AD1AC0-0050-4F1A-9BA0-96B7EC192072}.AppStore|iPhone.Build.0 = Release|Any CPU
		{24AD1AC0-0050-4F1A-9BA0-96B7EC192072}.AppStore|iPhone.Deploy.0 = Release|Any CPU
		{24AD1AC0-0050-4F1A-9BA0-96B7EC192072}.AppStore|iPhoneSimulator.ActiveCfg = Release|Any CPU
		{24AD1AC0-0050-4F1A-9BA0-96B7EC192072}.AppStore|iPhoneSimulator.Build.0 = Release|Any CPU
		{24AD1AC0-0050-4F1A-9BA0-96B7EC192072}.AppStore|iPhoneSimulator.Deploy.0 = Release|Any CPU
		{24AD1AC0-0050-4F1A-9BA0-96B7EC192072}.Debug|Any CPU.ActiveCfg = Debug|Any CPU
		{24AD1AC0-0050-4F1A-9BA0-96B7EC192072}.Debug|Any CPU.Build.0 = Debug|Any CPU
		{24AD1AC0-0050-4F1A-9BA0-96B7EC192072}.Debug|Any CPU.Deploy.0 = Debug|Any CPU
		{24AD1AC0-0050-4F1A-9BA0-96B7EC192072}.Debug|iPhone.ActiveCfg = Debug|Any CPU
		{24AD1AC0-0050-4F1A-9BA0-96B7EC192072}.Debug|iPhone.Build.0 = Debug|Any CPU
		{24AD1AC0-0050-4F1A-9BA0-96B7EC192072}.Debug|iPhone.Deploy.0 = Debug|Any CPU
		{24AD1AC0-0050-4F1A-9BA0-96B7EC192072}.Debug|iPhoneSimulator.ActiveCfg = Debug|Any CPU
		{24AD1AC0-0050-4F1A-9BA0-96B7EC192072}.Debug|iPhoneSimulator.Build.0 = Debug|Any CPU
		{24AD1AC0-0050-4F1A-9BA0-96B7EC192072}.Debug|iPhoneSimulator.Deploy.0 = Debug|Any CPU
		{24AD1AC0-0050-4F1A-9BA0-96B7EC192072}.Release|Any CPU.ActiveCfg = Release|Any CPU
		{24AD1AC0-0050-4F1A-9BA0-96B7EC192072}.Release|Any CPU.Build.0 = Release|Any CPU
		{24AD1AC0-0050-4F1A-9BA0-96B7EC192072}.Release|Any CPU.Deploy.0 = Release|Any CPU
		{24AD1AC0-0050-4F1A-9BA0-96B7EC192072}.Release|iPhone.ActiveCfg = Release|Any CPU
		{24AD1AC0-0050-4F1A-9BA0-96B7EC192072}.Release|iPhone.Build.0 = Release|Any CPU
		{24AD1AC0-0050-4F1A-9BA0-96B7EC192072}.Release|iPhone.Deploy.0 = Release|Any CPU
		{24AD1AC0-0050-4F1A-9BA0-96B7EC192072}.Release|iPhoneSimulator.ActiveCfg = Release|Any CPU
		{24AD1AC0-0050-4F1A-9BA0-96B7EC192072}.Release|iPhoneSimulator.Build.0 = Release|Any CPU
		{24AD1AC0-0050-4F1A-9BA0-96B7EC192072}.Release|iPhoneSimulator.Deploy.0 = Release|Any CPU
		{23F2D5B0-863B-4522-AE7F-46A26D76AC79}.Ad-Hoc|Any CPU.ActiveCfg = Ad-Hoc|iPhone
		{23F2D5B0-863B-4522-AE7F-46A26D76AC79}.Ad-Hoc|Any CPU.Build.0 = Ad-Hoc|iPhone
		{23F2D5B0-863B-4522-AE7F-46A26D76AC79}.Ad-Hoc|Any CPU.Deploy.0 = Ad-Hoc|iPhone
		{23F2D5B0-863B-4522-AE7F-46A26D76AC79}.Ad-Hoc|iPhone.ActiveCfg = Ad-Hoc|iPhone
		{23F2D5B0-863B-4522-AE7F-46A26D76AC79}.Ad-Hoc|iPhone.Build.0 = Ad-Hoc|iPhone
		{23F2D5B0-863B-4522-AE7F-46A26D76AC79}.Ad-Hoc|iPhone.Deploy.0 = Ad-Hoc|iPhone
		{23F2D5B0-863B-4522-AE7F-46A26D76AC79}.Ad-Hoc|iPhoneSimulator.ActiveCfg = Ad-Hoc|iPhoneSimulator
		{23F2D5B0-863B-4522-AE7F-46A26D76AC79}.Ad-Hoc|iPhoneSimulator.Build.0 = Ad-Hoc|iPhoneSimulator
		{23F2D5B0-863B-4522-AE7F-46A26D76AC79}.Ad-Hoc|iPhoneSimulator.Deploy.0 = Ad-Hoc|iPhoneSimulator
		{23F2D5B0-863B-4522-AE7F-46A26D76AC79}.AppStore|Any CPU.ActiveCfg = AppStore|iPhone
		{23F2D5B0-863B-4522-AE7F-46A26D76AC79}.AppStore|Any CPU.Build.0 = AppStore|iPhone
		{23F2D5B0-863B-4522-AE7F-46A26D76AC79}.AppStore|Any CPU.Deploy.0 = AppStore|iPhone
		{23F2D5B0-863B-4522-AE7F-46A26D76AC79}.AppStore|iPhone.ActiveCfg = AppStore|iPhone
		{23F2D5B0-863B-4522-AE7F-46A26D76AC79}.AppStore|iPhone.Build.0 = AppStore|iPhone
		{23F2D5B0-863B-4522-AE7F-46A26D76AC79}.AppStore|iPhone.Deploy.0 = AppStore|iPhone
		{23F2D5B0-863B-4522-AE7F-46A26D76AC79}.AppStore|iPhoneSimulator.ActiveCfg = AppStore|iPhoneSimulator
		{23F2D5B0-863B-4522-AE7F-46A26D76AC79}.AppStore|iPhoneSimulator.Build.0 = AppStore|iPhoneSimulator
		{23F2D5B0-863B-4522-AE7F-46A26D76AC79}.AppStore|iPhoneSimulator.Deploy.0 = AppStore|iPhoneSimulator
		{23F2D5B0-863B-4522-AE7F-46A26D76AC79}.Debug|Any CPU.ActiveCfg = Debug|iPhoneSimulator
		{23F2D5B0-863B-4522-AE7F-46A26D76AC79}.Debug|Any CPU.Build.0 = Debug|iPhoneSimulator
		{23F2D5B0-863B-4522-AE7F-46A26D76AC79}.Debug|Any CPU.Deploy.0 = Debug|iPhoneSimulator
		{23F2D5B0-863B-4522-AE7F-46A26D76AC79}.Debug|iPhone.ActiveCfg = Debug|iPhone
		{23F2D5B0-863B-4522-AE7F-46A26D76AC79}.Debug|iPhone.Build.0 = Debug|iPhone
		{23F2D5B0-863B-4522-AE7F-46A26D76AC79}.Debug|iPhone.Deploy.0 = Debug|iPhone
		{23F2D5B0-863B-4522-AE7F-46A26D76AC79}.Debug|iPhoneSimulator.ActiveCfg = Debug|iPhoneSimulator
		{23F2D5B0-863B-4522-AE7F-46A26D76AC79}.Debug|iPhoneSimulator.Build.0 = Debug|iPhoneSimulator
		{23F2D5B0-863B-4522-AE7F-46A26D76AC79}.Debug|iPhoneSimulator.Deploy.0 = Debug|iPhoneSimulator
		{23F2D5B0-863B-4522-AE7F-46A26D76AC79}.Release|Any CPU.ActiveCfg = Release|iPhone
		{23F2D5B0-863B-4522-AE7F-46A26D76AC79}.Release|Any CPU.Build.0 = Release|iPhone
		{23F2D5B0-863B-4522-AE7F-46A26D76AC79}.Release|Any CPU.Deploy.0 = Release|iPhone
		{23F2D5B0-863B-4522-AE7F-46A26D76AC79}.Release|iPhone.ActiveCfg = Release|iPhone
		{23F2D5B0-863B-4522-AE7F-46A26D76AC79}.Release|iPhone.Build.0 = Release|iPhone
		{23F2D5B0-863B-4522-AE7F-46A26D76AC79}.Release|iPhone.Deploy.0 = Release|iPhone
		{23F2D5B0-863B-4522-AE7F-46A26D76AC79}.Release|iPhoneSimulator.ActiveCfg = Release|iPhoneSimulator
		{23F2D5B0-863B-4522-AE7F-46A26D76AC79}.Release|iPhoneSimulator.Build.0 = Release|iPhoneSimulator
		{23F2D5B0-863B-4522-AE7F-46A26D76AC79}.Release|iPhoneSimulator.Deploy.0 = Release|iPhoneSimulator
		{21A15766-3853-4F4C-9F2B-8A4083121D46}.Ad-Hoc|Any CPU.ActiveCfg = Debug|Any CPU
		{21A15766-3853-4F4C-9F2B-8A4083121D46}.Ad-Hoc|Any CPU.Build.0 = Debug|Any CPU
		{21A15766-3853-4F4C-9F2B-8A4083121D46}.Ad-Hoc|Any CPU.Deploy.0 = Debug|Any CPU
		{21A15766-3853-4F4C-9F2B-8A4083121D46}.Ad-Hoc|iPhone.ActiveCfg = Debug|Any CPU
		{21A15766-3853-4F4C-9F2B-8A4083121D46}.Ad-Hoc|iPhone.Build.0 = Debug|Any CPU
		{21A15766-3853-4F4C-9F2B-8A4083121D46}.Ad-Hoc|iPhone.Deploy.0 = Debug|Any CPU
		{21A15766-3853-4F4C-9F2B-8A4083121D46}.Ad-Hoc|iPhoneSimulator.ActiveCfg = Debug|Any CPU
		{21A15766-3853-4F4C-9F2B-8A4083121D46}.Ad-Hoc|iPhoneSimulator.Build.0 = Debug|Any CPU
		{21A15766-3853-4F4C-9F2B-8A4083121D46}.Ad-Hoc|iPhoneSimulator.Deploy.0 = Debug|Any CPU
		{21A15766-3853-4F4C-9F2B-8A4083121D46}.AppStore|Any CPU.ActiveCfg = Debug|Any CPU
		{21A15766-3853-4F4C-9F2B-8A4083121D46}.AppStore|Any CPU.Build.0 = Debug|Any CPU
		{21A15766-3853-4F4C-9F2B-8A4083121D46}.AppStore|Any CPU.Deploy.0 = Debug|Any CPU
		{21A15766-3853-4F4C-9F2B-8A4083121D46}.AppStore|iPhone.ActiveCfg = Debug|Any CPU
		{21A15766-3853-4F4C-9F2B-8A4083121D46}.AppStore|iPhone.Build.0 = Debug|Any CPU
		{21A15766-3853-4F4C-9F2B-8A4083121D46}.AppStore|iPhone.Deploy.0 = Debug|Any CPU
		{21A15766-3853-4F4C-9F2B-8A4083121D46}.AppStore|iPhoneSimulator.ActiveCfg = Debug|Any CPU
		{21A15766-3853-4F4C-9F2B-8A4083121D46}.AppStore|iPhoneSimulator.Build.0 = Debug|Any CPU
		{21A15766-3853-4F4C-9F2B-8A4083121D46}.AppStore|iPhoneSimulator.Deploy.0 = Debug|Any CPU
		{21A15766-3853-4F4C-9F2B-8A4083121D46}.Debug|Any CPU.ActiveCfg = Debug|Any CPU
		{21A15766-3853-4F4C-9F2B-8A4083121D46}.Debug|Any CPU.Build.0 = Debug|Any CPU
		{21A15766-3853-4F4C-9F2B-8A4083121D46}.Debug|Any CPU.Deploy.0 = Debug|Any CPU
		{21A15766-3853-4F4C-9F2B-8A4083121D46}.Debug|iPhone.ActiveCfg = Debug|Any CPU
		{21A15766-3853-4F4C-9F2B-8A4083121D46}.Debug|iPhone.Build.0 = Debug|Any CPU
		{21A15766-3853-4F4C-9F2B-8A4083121D46}.Debug|iPhone.Deploy.0 = Debug|Any CPU
		{21A15766-3853-4F4C-9F2B-8A4083121D46}.Debug|iPhoneSimulator.ActiveCfg = Debug|Any CPU
		{21A15766-3853-4F4C-9F2B-8A4083121D46}.Debug|iPhoneSimulator.Build.0 = Debug|Any CPU
		{21A15766-3853-4F4C-9F2B-8A4083121D46}.Debug|iPhoneSimulator.Deploy.0 = Debug|Any CPU
		{21A15766-3853-4F4C-9F2B-8A4083121D46}.Release|Any CPU.ActiveCfg = Release|Any CPU
		{21A15766-3853-4F4C-9F2B-8A4083121D46}.Release|Any CPU.Build.0 = Release|Any CPU
		{21A15766-3853-4F4C-9F2B-8A4083121D46}.Release|Any CPU.Deploy.0 = Release|Any CPU
		{21A15766-3853-4F4C-9F2B-8A4083121D46}.Release|iPhone.ActiveCfg = Release|Any CPU
		{21A15766-3853-4F4C-9F2B-8A4083121D46}.Release|iPhone.Build.0 = Release|Any CPU
		{21A15766-3853-4F4C-9F2B-8A4083121D46}.Release|iPhone.Deploy.0 = Release|Any CPU
		{21A15766-3853-4F4C-9F2B-8A4083121D46}.Release|iPhoneSimulator.ActiveCfg = Release|Any CPU
		{21A15766-3853-4F4C-9F2B-8A4083121D46}.Release|iPhoneSimulator.Build.0 = Release|Any CPU
		{21A15766-3853-4F4C-9F2B-8A4083121D46}.Release|iPhoneSimulator.Deploy.0 = Release|Any CPU
		{C5FFD3E9-BA87-40F1-AF04-FE57D1C7E2DC}.Ad-Hoc|Any CPU.ActiveCfg = Release|Any CPU
		{C5FFD3E9-BA87-40F1-AF04-FE57D1C7E2DC}.Ad-Hoc|Any CPU.Build.0 = Release|Any CPU
		{C5FFD3E9-BA87-40F1-AF04-FE57D1C7E2DC}.Ad-Hoc|iPhone.ActiveCfg = Release|Any CPU
		{C5FFD3E9-BA87-40F1-AF04-FE57D1C7E2DC}.Ad-Hoc|iPhone.Build.0 = Release|Any CPU
		{C5FFD3E9-BA87-40F1-AF04-FE57D1C7E2DC}.Ad-Hoc|iPhoneSimulator.ActiveCfg = Release|Any CPU
		{C5FFD3E9-BA87-40F1-AF04-FE57D1C7E2DC}.Ad-Hoc|iPhoneSimulator.Build.0 = Release|Any CPU
		{C5FFD3E9-BA87-40F1-AF04-FE57D1C7E2DC}.AppStore|Any CPU.ActiveCfg = Release|Any CPU
		{C5FFD3E9-BA87-40F1-AF04-FE57D1C7E2DC}.AppStore|Any CPU.Build.0 = Release|Any CPU
		{C5FFD3E9-BA87-40F1-AF04-FE57D1C7E2DC}.AppStore|iPhone.ActiveCfg = Release|Any CPU
		{C5FFD3E9-BA87-40F1-AF04-FE57D1C7E2DC}.AppStore|iPhone.Build.0 = Release|Any CPU
		{C5FFD3E9-BA87-40F1-AF04-FE57D1C7E2DC}.AppStore|iPhoneSimulator.ActiveCfg = Release|Any CPU
		{C5FFD3E9-BA87-40F1-AF04-FE57D1C7E2DC}.AppStore|iPhoneSimulator.Build.0 = Release|Any CPU
		{C5FFD3E9-BA87-40F1-AF04-FE57D1C7E2DC}.Debug|Any CPU.ActiveCfg = Debug|Any CPU
		{C5FFD3E9-BA87-40F1-AF04-FE57D1C7E2DC}.Debug|Any CPU.Build.0 = Debug|Any CPU
		{C5FFD3E9-BA87-40F1-AF04-FE57D1C7E2DC}.Debug|iPhone.ActiveCfg = Debug|Any CPU
		{C5FFD3E9-BA87-40F1-AF04-FE57D1C7E2DC}.Debug|iPhone.Build.0 = Debug|Any CPU
		{C5FFD3E9-BA87-40F1-AF04-FE57D1C7E2DC}.Debug|iPhoneSimulator.ActiveCfg = Debug|Any CPU
		{C5FFD3E9-BA87-40F1-AF04-FE57D1C7E2DC}.Debug|iPhoneSimulator.Build.0 = Debug|Any CPU
		{C5FFD3E9-BA87-40F1-AF04-FE57D1C7E2DC}.Release|Any CPU.ActiveCfg = Release|Any CPU
		{C5FFD3E9-BA87-40F1-AF04-FE57D1C7E2DC}.Release|Any CPU.Build.0 = Release|Any CPU
		{C5FFD3E9-BA87-40F1-AF04-FE57D1C7E2DC}.Release|iPhone.ActiveCfg = Release|Any CPU
		{C5FFD3E9-BA87-40F1-AF04-FE57D1C7E2DC}.Release|iPhone.Build.0 = Release|Any CPU
		{C5FFD3E9-BA87-40F1-AF04-FE57D1C7E2DC}.Release|iPhoneSimulator.ActiveCfg = Release|Any CPU
		{C5FFD3E9-BA87-40F1-AF04-FE57D1C7E2DC}.Release|iPhoneSimulator.Build.0 = Release|Any CPU
		{4CA9A6BF-DD5C-4E28-B239-68B792699B7A}.Ad-Hoc|Any CPU.ActiveCfg = Release|Any CPU
		{4CA9A6BF-DD5C-4E28-B239-68B792699B7A}.Ad-Hoc|Any CPU.Build.0 = Release|Any CPU
		{4CA9A6BF-DD5C-4E28-B239-68B792699B7A}.Ad-Hoc|iPhone.ActiveCfg = Release|Any CPU
		{4CA9A6BF-DD5C-4E28-B239-68B792699B7A}.Ad-Hoc|iPhone.Build.0 = Release|Any CPU
		{4CA9A6BF-DD5C-4E28-B239-68B792699B7A}.Ad-Hoc|iPhoneSimulator.ActiveCfg = Release|Any CPU
		{4CA9A6BF-DD5C-4E28-B239-68B792699B7A}.Ad-Hoc|iPhoneSimulator.Build.0 = Release|Any CPU
		{4CA9A6BF-DD5C-4E28-B239-68B792699B7A}.AppStore|Any CPU.ActiveCfg = Release|Any CPU
		{4CA9A6BF-DD5C-4E28-B239-68B792699B7A}.AppStore|Any CPU.Build.0 = Release|Any CPU
		{4CA9A6BF-DD5C-4E28-B239-68B792699B7A}.AppStore|iPhone.ActiveCfg = Release|Any CPU
		{4CA9A6BF-DD5C-4E28-B239-68B792699B7A}.AppStore|iPhone.Build.0 = Release|Any CPU
		{4CA9A6BF-DD5C-4E28-B239-68B792699B7A}.AppStore|iPhoneSimulator.ActiveCfg = Release|Any CPU
		{4CA9A6BF-DD5C-4E28-B239-68B792699B7A}.AppStore|iPhoneSimulator.Build.0 = Release|Any CPU
		{4CA9A6BF-DD5C-4E28-B239-68B792699B7A}.Debug|Any CPU.ActiveCfg = Debug|Any CPU
		{4CA9A6BF-DD5C-4E28-B239-68B792699B7A}.Debug|Any CPU.Build.0 = Debug|Any CPU
		{4CA9A6BF-DD5C-4E28-B239-68B792699B7A}.Debug|iPhone.ActiveCfg = Debug|Any CPU
		{4CA9A6BF-DD5C-4E28-B239-68B792699B7A}.Debug|iPhone.Build.0 = Debug|Any CPU
		{4CA9A6BF-DD5C-4E28-B239-68B792699B7A}.Debug|iPhoneSimulator.ActiveCfg = Debug|Any CPU
		{4CA9A6BF-DD5C-4E28-B239-68B792699B7A}.Debug|iPhoneSimulator.Build.0 = Debug|Any CPU
		{4CA9A6BF-DD5C-4E28-B239-68B792699B7A}.Release|Any CPU.ActiveCfg = Release|Any CPU
		{4CA9A6BF-DD5C-4E28-B239-68B792699B7A}.Release|Any CPU.Build.0 = Release|Any CPU
		{4CA9A6BF-DD5C-4E28-B239-68B792699B7A}.Release|iPhone.ActiveCfg = Release|Any CPU
		{4CA9A6BF-DD5C-4E28-B239-68B792699B7A}.Release|iPhone.Build.0 = Release|Any CPU
		{4CA9A6BF-DD5C-4E28-B239-68B792699B7A}.Release|iPhoneSimulator.ActiveCfg = Release|Any CPU
		{4CA9A6BF-DD5C-4E28-B239-68B792699B7A}.Release|iPhoneSimulator.Build.0 = Release|Any CPU
		{3472E67A-12FE-479D-A84F-51D3D27EC03E}.Ad-Hoc|Any CPU.ActiveCfg = Release|Any CPU
		{3472E67A-12FE-479D-A84F-51D3D27EC03E}.Ad-Hoc|Any CPU.Build.0 = Release|Any CPU
		{3472E67A-12FE-479D-A84F-51D3D27EC03E}.Ad-Hoc|iPhone.ActiveCfg = Release|Any CPU
		{3472E67A-12FE-479D-A84F-51D3D27EC03E}.Ad-Hoc|iPhone.Build.0 = Release|Any CPU
		{3472E67A-12FE-479D-A84F-51D3D27EC03E}.Ad-Hoc|iPhoneSimulator.ActiveCfg = Release|Any CPU
		{3472E67A-12FE-479D-A84F-51D3D27EC03E}.Ad-Hoc|iPhoneSimulator.Build.0 = Release|Any CPU
		{3472E67A-12FE-479D-A84F-51D3D27EC03E}.AppStore|Any CPU.ActiveCfg = Release|Any CPU
		{3472E67A-12FE-479D-A84F-51D3D27EC03E}.AppStore|Any CPU.Build.0 = Release|Any CPU
		{3472E67A-12FE-479D-A84F-51D3D27EC03E}.AppStore|iPhone.ActiveCfg = Release|Any CPU
		{3472E67A-12FE-479D-A84F-51D3D27EC03E}.AppStore|iPhone.Build.0 = Release|Any CPU
		{3472E67A-12FE-479D-A84F-51D3D27EC03E}.AppStore|iPhoneSimulator.ActiveCfg = Release|Any CPU
		{3472E67A-12FE-479D-A84F-51D3D27EC03E}.AppStore|iPhoneSimulator.Build.0 = Release|Any CPU
		{3472E67A-12FE-479D-A84F-51D3D27EC03E}.Debug|Any CPU.ActiveCfg = Debug|Any CPU
		{3472E67A-12FE-479D-A84F-51D3D27EC03E}.Debug|Any CPU.Build.0 = Debug|Any CPU
		{3472E67A-12FE-479D-A84F-51D3D27EC03E}.Debug|iPhone.ActiveCfg = Debug|Any CPU
		{3472E67A-12FE-479D-A84F-51D3D27EC03E}.Debug|iPhone.Build.0 = Debug|Any CPU
		{3472E67A-12FE-479D-A84F-51D3D27EC03E}.Debug|iPhoneSimulator.ActiveCfg = Debug|Any CPU
		{3472E67A-12FE-479D-A84F-51D3D27EC03E}.Debug|iPhoneSimulator.Build.0 = Debug|Any CPU
		{3472E67A-12FE-479D-A84F-51D3D27EC03E}.Release|Any CPU.ActiveCfg = Release|Any CPU
		{3472E67A-12FE-479D-A84F-51D3D27EC03E}.Release|Any CPU.Build.0 = Release|Any CPU
		{3472E67A-12FE-479D-A84F-51D3D27EC03E}.Release|iPhone.ActiveCfg = Release|Any CPU
		{3472E67A-12FE-479D-A84F-51D3D27EC03E}.Release|iPhone.Build.0 = Release|Any CPU
		{3472E67A-12FE-479D-A84F-51D3D27EC03E}.Release|iPhoneSimulator.ActiveCfg = Release|Any CPU
		{3472E67A-12FE-479D-A84F-51D3D27EC03E}.Release|iPhoneSimulator.Build.0 = Release|Any CPU
		{2819B0BD-7C5B-4724-AC8A-37BE060D7504}.Ad-Hoc|Any CPU.ActiveCfg = Release|Any CPU
		{2819B0BD-7C5B-4724-AC8A-37BE060D7504}.Ad-Hoc|Any CPU.Build.0 = Release|Any CPU
		{2819B0BD-7C5B-4724-AC8A-37BE060D7504}.Ad-Hoc|iPhone.ActiveCfg = Release|Any CPU
		{2819B0BD-7C5B-4724-AC8A-37BE060D7504}.Ad-Hoc|iPhone.Build.0 = Release|Any CPU
		{2819B0BD-7C5B-4724-AC8A-37BE060D7504}.Ad-Hoc|iPhoneSimulator.ActiveCfg = Release|Any CPU
		{2819B0BD-7C5B-4724-AC8A-37BE060D7504}.Ad-Hoc|iPhoneSimulator.Build.0 = Release|Any CPU
		{2819B0BD-7C5B-4724-AC8A-37BE060D7504}.AppStore|Any CPU.ActiveCfg = Release|Any CPU
		{2819B0BD-7C5B-4724-AC8A-37BE060D7504}.AppStore|Any CPU.Build.0 = Release|Any CPU
		{2819B0BD-7C5B-4724-AC8A-37BE060D7504}.AppStore|iPhone.ActiveCfg = Release|Any CPU
		{2819B0BD-7C5B-4724-AC8A-37BE060D7504}.AppStore|iPhone.Build.0 = Release|Any CPU
		{2819B0BD-7C5B-4724-AC8A-37BE060D7504}.AppStore|iPhoneSimulator.ActiveCfg = Release|Any CPU
		{2819B0BD-7C5B-4724-AC8A-37BE060D7504}.AppStore|iPhoneSimulator.Build.0 = Release|Any CPU
		{2819B0BD-7C5B-4724-AC8A-37BE060D7504}.Debug|Any CPU.ActiveCfg = Debug|Any CPU
		{2819B0BD-7C5B-4724-AC8A-37BE060D7504}.Debug|Any CPU.Build.0 = Debug|Any CPU
		{2819B0BD-7C5B-4724-AC8A-37BE060D7504}.Debug|iPhone.ActiveCfg = Debug|Any CPU
		{2819B0BD-7C5B-4724-AC8A-37BE060D7504}.Debug|iPhone.Build.0 = Debug|Any CPU
		{2819B0BD-7C5B-4724-AC8A-37BE060D7504}.Debug|iPhoneSimulator.ActiveCfg = Debug|Any CPU
		{2819B0BD-7C5B-4724-AC8A-37BE060D7504}.Debug|iPhoneSimulator.Build.0 = Debug|Any CPU
		{2819B0BD-7C5B-4724-AC8A-37BE060D7504}.Release|Any CPU.ActiveCfg = Release|Any CPU
		{2819B0BD-7C5B-4724-AC8A-37BE060D7504}.Release|Any CPU.Build.0 = Release|Any CPU
		{2819B0BD-7C5B-4724-AC8A-37BE060D7504}.Release|iPhone.ActiveCfg = Release|Any CPU
		{2819B0BD-7C5B-4724-AC8A-37BE060D7504}.Release|iPhone.Build.0 = Release|Any CPU
		{2819B0BD-7C5B-4724-AC8A-37BE060D7504}.Release|iPhoneSimulator.ActiveCfg = Release|Any CPU
		{2819B0BD-7C5B-4724-AC8A-37BE060D7504}.Release|iPhoneSimulator.Build.0 = Release|Any CPU
	EndGlobalSection
	GlobalSection(SolutionProperties) = preSolution
		HideSolutionNode = FALSE
	EndGlobalSection
	GlobalSection(ExtensibilityGlobals) = postSolution
		SolutionGuid = {1B532D52-F05D-438E-A9AB-26496A608319}
	EndGlobalSection
EndGlobal
